// !$*UTF8*$!
{
	archiveVersion = 1;
	classes = {
	};
	objectVersion = 46;
	objects = {

/* Begin PBXBuildFile section */
		AB7F52BB1AEB8FE600934414 /* AddToDoItemViewController.m in Sources */ = {isa = PBXBuildFile; fileRef = AB7F52BA1AEB8FE600934414 /* AddToDoItemViewController.m */; };
		AB7F52BE1AEB920200934414 /* ToDoListTableViewController.m in Sources */ = {isa = PBXBuildFile; fileRef = AB7F52BD1AEB920200934414 /* ToDoListTableViewController.m */; };
		AB8C44D81AEA88E900E88F8F /* main.m in Sources */ = {isa = PBXBuildFile; fileRef = AB8C44D71AEA88E900E88F8F /* main.m */; };
		AB8C44DB1AEA88E900E88F8F /* AppDelegate.m in Sources */ = {isa = PBXBuildFile; fileRef = AB8C44DA1AEA88E900E88F8F /* AppDelegate.m */; };
		AB8C44DE1AEA88E900E88F8F /* ViewController.m in Sources */ = {isa = PBXBuildFile; fileRef = AB8C44DD1AEA88E900E88F8F /* ViewController.m */; };
		AB8C44E11AEA88E900E88F8F /* Main.storyboard in Resources */ = {isa = PBXBuildFile; fileRef = AB8C44DF1AEA88E900E88F8F /* Main.storyboard */; };
		AB8C44E31AEA88E900E88F8F /* Images.xcassets in Resources */ = {isa = PBXBuildFile; fileRef = AB8C44E21AEA88E900E88F8F /* Images.xcassets */; };
		AB8C44E61AEA88E900E88F8F /* LaunchScreen.xib in Resources */ = {isa = PBXBuildFile; fileRef = AB8C44E41AEA88E900E88F8F /* LaunchScreen.xib */; };
		AB8C44F21AEA88E900E88F8F /* ToDoListTests.m in Sources */ = {isa = PBXBuildFile; fileRef = AB8C44F11AEA88E900E88F8F /* ToDoListTests.m */; };
		AB91978D1AEE572800E64497 /* ToDoItem.m in Sources */ = {isa = PBXBuildFile; fileRef = AB91978C1AEE572800E64497 /* ToDoItem.m */; };
/* End PBXBuildFile section */

/* Begin PBXContainerItemProxy section */
		AB8C44EC1AEA88E900E88F8F /* PBXContainerItemProxy */ = {
			isa = PBXContainerItemProxy;
			containerPortal = AB8C44CA1AEA88E900E88F8F /* Project object */;
			proxyType = 1;
			remoteGlobalIDString = AB8C44D11AEA88E900E88F8F;
			remoteInfo = ToDoList;
		};
/* End PBXContainerItemProxy section */

/* Begin PBXFileReference section */
		AB7F52B91AEB8FE600934414 /* AddToDoItemViewController.h */ = {isa = PBXFileReference; fileEncoding = 4; lastKnownFileType = sourcecode.c.h; path = AddToDoItemViewController.h; sourceTree = "<group>"; };
		AB7F52BA1AEB8FE600934414 /* AddToDoItemViewController.m */ = {isa = PBXFileReference; fileEncoding = 4; lastKnownFileType = sourcecode.c.objc; path = AddToDoItemViewController.m; sourceTree = "<group>"; };
		AB7F52BC1AEB920200934414 /* ToDoListTableViewController.h */ = {isa = PBXFileReference; fileEncoding = 4; lastKnownFileType = sourcecode.c.h; path = ToDoListTableViewController.h; sourceTree = "<group>"; };
		AB7F52BD1AEB920200934414 /* ToDoListTableViewController.m */ = {isa = PBXFileReference; fileEncoding = 4; lastKnownFileType = sourcecode.c.objc; path = ToDoListTableViewController.m; sourceTree = "<group>"; };
		AB8C44D21AEA88E900E88F8F /* ToDoList.app */ = {isa = PBXFileReference; explicitFileType = wrapper.application; includeInIndex = 0; path = ToDoList.app; sourceTree = BUILT_PRODUCTS_DIR; };
		AB8C44D61AEA88E900E88F8F /* Info.plist */ = {isa = PBXFileReference; lastKnownFileType = text.plist.xml; path = Info.plist; sourceTree = "<group>"; };
		AB8C44D71AEA88E900E88F8F /* main.m */ = {isa = PBXFileReference; lastKnownFileType = sourcecode.c.objc; path = main.m; sourceTree = "<group>"; };
		AB8C44D91AEA88E900E88F8F /* AppDelegate.h */ = {isa = PBXFileReference; lastKnownFileType = sourcecode.c.h; path = AppDelegate.h; sourceTree = "<group>"; };
		AB8C44DA1AEA88E900E88F8F /* AppDelegate.m */ = {isa = PBXFileReference; lastKnownFileType = sourcecode.c.objc; path = AppDelegate.m; sourceTree = "<group>"; };
		AB8C44DC1AEA88E900E88F8F /* ViewController.h */ = {isa = PBXFileReference; lastKnownFileType = sourcecode.c.h; path = ViewController.h; sourceTree = "<group>"; };
		AB8C44DD1AEA88E900E88F8F /* ViewController.m */ = {isa = PBXFileReference; lastKnownFileType = sourcecode.c.objc; path = ViewController.m; sourceTree = "<group>"; };
		AB8C44E01AEA88E900E88F8F /* Base */ = {isa = PBXFileReference; lastKnownFileType = file.storyboard; name = Base; path = Base.lproj/Main.storyboard; sourceTree = "<group>"; };
		AB8C44E21AEA88E900E88F8F /* Images.xcassets */ = {isa = PBXFileReference; lastKnownFileType = folder.assetcatalog; path = Images.xcassets; sourceTree = "<group>"; };
		AB8C44E51AEA88E900E88F8F /* Base */ = {isa = PBXFileReference; lastKnownFileType = file.xib; name = Base; path = Base.lproj/LaunchScreen.xib; sourceTree = "<group>"; };
		AB8C44EB1AEA88E900E88F8F /* ToDoListTests.xctest */ = {isa = PBXFileReference; explicitFileType = wrapper.cfbundle; includeInIndex = 0; path = ToDoListTests.xctest; sourceTree = BUILT_PRODUCTS_DIR; };
		AB8C44F01AEA88E900E88F8F /* Info.plist */ = {isa = PBXFileReference; lastKnownFileType = text.plist.xml; path = Info.plist; sourceTree = "<group>"; };
		AB8C44F11AEA88E900E88F8F /* ToDoListTests.m */ = {isa = PBXFileReference; lastKnownFileType = sourcecode.c.objc; path = ToDoListTests.m; sourceTree = "<group>"; };
		AB91978B1AEE572800E64497 /* ToDoItem.h */ = {isa = PBXFileReference; fileEncoding = 4; lastKnownFileType = sourcecode.c.h; path = ToDoItem.h; sourceTree = "<group>"; };
		AB91978C1AEE572800E64497 /* ToDoItem.m */ = {isa = PBXFileReference; fileEncoding = 4; lastKnownFileType = sourcecode.c.objc; path = ToDoItem.m; sourceTree = "<group>"; };
/* End PBXFileReference section */

/* Begin PBXFrameworksBuildPhase section */
		AB8C44CF1AEA88E900E88F8F /* Frameworks */ = {
			isa = PBXFrameworksBuildPhase;
			buildActionMask = 2147483647;
			files = (
			);
			runOnlyForDeploymentPostprocessing = 0;
		};
		AB8C44E81AEA88E900E88F8F /* Frameworks */ = {
			isa = PBXFrameworksBuildPhase;
			buildActionMask = 2147483647;
			files = (
			);
			runOnlyForDeploymentPostprocessing = 0;
		};
/* End PBXFrameworksBuildPhase section */

/* Begin PBXGroup section */
		AB8C44C91AEA88E900E88F8F = {
			isa = PBXGroup;
			children = (
				AB91978B1AEE572800E64497 /* ToDoItem.h */,
				AB91978C1AEE572800E64497 /* ToDoItem.m */,
				AB8C44D41AEA88E900E88F8F /* ToDoList */,
				AB8C44EE1AEA88E900E88F8F /* ToDoListTests */,
				AB8C44D31AEA88E900E88F8F /* Products */,
			);
			sourceTree = "<group>";
		};
		AB8C44D31AEA88E900E88F8F /* Products */ = {
			isa = PBXGroup;
			children = (
				AB8C44D21AEA88E900E88F8F /* ToDoList.app */,
				AB8C44EB1AEA88E900E88F8F /* ToDoListTests.xctest */,
			);
			name = Products;
			sourceTree = "<group>";
		};
		AB8C44D41AEA88E900E88F8F /* ToDoList */ = {
			isa = PBXGroup;
			children = (
				AB8C44D91AEA88E900E88F8F /* AppDelegate.h */,
				AB8C44DA1AEA88E900E88F8F /* AppDelegate.m */,
				AB8C44DC1AEA88E900E88F8F /* ViewController.h */,
				AB8C44DD1AEA88E900E88F8F /* ViewController.m */,
				AB8C44DF1AEA88E900E88F8F /* Main.storyboard */,
				AB7F52BC1AEB920200934414 /* ToDoListTableViewController.h */,
				AB7F52BD1AEB920200934414 /* ToDoListTableViewController.m */,
				AB7F52B91AEB8FE600934414 /* AddToDoItemViewController.h */,
				AB7F52BA1AEB8FE600934414 /* AddToDoItemViewController.m */,
				AB8C44E21AEA88E900E88F8F /* Images.xcassets */,
				AB8C44E41AEA88E900E88F8F /* LaunchScreen.xib */,
				AB8C44D51AEA88E900E88F8F /* Supporting Files */,
			);
			path = ToDoList;
			sourceTree = "<group>";
		};
		AB8C44D51AEA88E900E88F8F /* Supporting Files */ = {
			isa = PBXGroup;
			children = (
				AB8C44D61AEA88E900E88F8F /* Info.plist */,
				AB8C44D71AEA88E900E88F8F /* main.m */,
			);
			name = "Supporting Files";
			sourceTree = "<group>";
		};
		AB8C44EE1AEA88E900E88F8F /* ToDoListTests */ = {
			isa = PBXGroup;
			children = (
				AB8C44F11AEA88E900E88F8F /* ToDoListTests.m */,
				AB8C44EF1AEA88E900E88F8F /* Supporting Files */,
			);
			path = ToDoListTests;
			sourceTree = "<group>";
		};
		AB8C44EF1AEA88E900E88F8F /* Supporting Files */ = {
			isa = PBXGroup;
			children = (
				AB8C44F01AEA88E900E88F8F /* Info.plist */,
			);
			name = "Supporting Files";
			sourceTree = "<group>";
		};
/* End PBXGroup section */

/* Begin PBXNativeTarget section */
		AB8C44D11AEA88E900E88F8F /* ToDoList */ = {
			isa = PBXNativeTarget;
			buildConfigurationList = AB8C44F51AEA88E900E88F8F /* Build configuration list for PBXNativeTarget "ToDoList" */;
			buildPhases = (
				AB8C44CE1AEA88E900E88F8F /* Sources */,
				AB8C44CF1AEA88E900E88F8F /* Frameworks */,
				AB8C44D01AEA88E900E88F8F /* Resources */,
			);
			buildRules = (
			);
			dependencies = (
			);
			name = ToDoList;
			productName = ToDoList;
			productReference = AB8C44D21AEA88E900E88F8F /* ToDoList.app */;
			productType = "com.apple.product-type.application";
		};
		AB8C44EA1AEA88E900E88F8F /* ToDoListTests */ = {
			isa = PBXNativeTarget;
			buildConfigurationList = AB8C44F81AEA88E900E88F8F /* Build configuration list for PBXNativeTarget "ToDoListTests" */;
			buildPhases = (
				AB8C44E71AEA88E900E88F8F /* Sources */,
				AB8C44E81AEA88E900E88F8F /* Frameworks */,
				AB8C44E91AEA88E900E88F8F /* Resources */,
			);
			buildRules = (
			);
			dependencies = (
				AB8C44ED1AEA88E900E88F8F /* PBXTargetDependency */,
			);
			name = ToDoListTests;
			productName = ToDoListTests;
			productReference = AB8C44EB1AEA88E900E88F8F /* ToDoListTests.xctest */;
			productType = "com.apple.product-type.bundle.unit-test";
		};
/* End PBXNativeTarget section */

/* Begin PBXProject section */
		AB8C44CA1AEA88E900E88F8F /* Project object */ = {
			isa = PBXProject;
			attributes = {
				LastUpgradeCheck = 0630;
				ORGANIZATIONNAME = "Casey Macrae";
				TargetAttributes = {
					AB8C44D11AEA88E900E88F8F = {
						CreatedOnToolsVersion = 6.3.1;
					};
					AB8C44EA1AEA88E900E88F8F = {
						CreatedOnToolsVersion = 6.3.1;
						TestTargetID = AB8C44D11AEA88E900E88F8F;
					};
				};
			};
			buildConfigurationList = AB8C44CD1AEA88E900E88F8F /* Build configuration list for PBXProject "ToDoList" */;
			compatibilityVersion = "Xcode 3.2";
			developmentRegion = English;
			hasScannedForEncodings = 0;
			knownRegions = (
				en,
				Base,
			);
			mainGroup = AB8C44C91AEA88E900E88F8F;
			productRefGroup = AB8C44D31AEA88E900E88F8F /* Products */;
			projectDirPath = "";
			projectRoot = "";
			targets = (
				AB8C44D11AEA88E900E88F8F /* ToDoList */,
				AB8C44EA1AEA88E900E88F8F /* ToDoListTests */,
			);
		};
/* End PBXProject section */

/* Begin PBXResourcesBuildPhase section */
		AB8C44D01AEA88E900E88F8F /* Resources */ = {
			isa = PBXResourcesBuildPhase;
			buildActionMask = 2147483647;
			files = (
				AB8C44E11AEA88E900E88F8F /* Main.storyboard in Resources */,
				AB8C44E61AEA88E900E88F8F /* LaunchScreen.xib in Resources */,
				AB8C44E31AEA88E900E88F8F /* Images.xcassets in Resources */,
			);
			runOnlyForDeploymentPostprocessing = 0;
		};
		AB8C44E91AEA88E900E88F8F /* Resources */ = {
			isa = PBXResourcesBuildPhase;
			buildActionMask = 2147483647;
			files = (
			);
			runOnlyForDeploymentPostprocessing = 0;
		};
/* End PBXResourcesBuildPhase section */

/* Begin PBXSourcesBuildPhase section */
		AB8C44CE1AEA88E900E88F8F /* Sources */ = {
			isa = PBXSourcesBuildPhase;
			buildActionMask = 2147483647;
			files = (
				AB91978D1AEE572800E64497 /* ToDoItem.m in Sources */,
				AB8C44DE1AEA88E900E88F8F /* ViewController.m in Sources */,
				AB8C44DB1AEA88E900E88F8F /* AppDelegate.m in Sources */,
				AB8C44D81AEA88E900E88F8F /* main.m in Sources */,
				AB7F52BE1AEB920200934414 /* ToDoListTableViewController.m in Sources */,
				AB7F52BB1AEB8FE600934414 /* AddToDoItemViewController.m in Sources */,
			);
			runOnlyForDeploymentPostprocessing = 0;
		};
		AB8C44E71AEA88E900E88F8F /* Sources */ = {
			isa = PBXSourcesBuildPhase;
			buildActionMask = 2147483647;
			files = (
				AB8C44F21AEA88E900E88F8F /* ToDoListTests.m in Sources */,
			);
			runOnlyForDeploymentPostprocessing = 0;
		};
/* End PBXSourcesBuildPhase section */

/* Begin PBXTargetDependency section */
		AB8C44ED1AEA88E900E88F8F /* PBXTargetDependency */ = {
			isa = PBXTargetDependency;
			target = AB8C44D11AEA88E900E88F8F /* ToDoList */;
			targetProxy = AB8C44EC1AEA88E900E88F8F /* PBXContainerItemProxy */;
		};
/* End PBXTargetDependency section */

/* Begin PBXVariantGroup section */
		AB8C44DF1AEA88E900E88F8F /* Main.storyboard */ = {
			isa = PBXVariantGroup;
			children = (
				AB8C44E01AEA88E900E88F8F /* Base */,
			);
			name = Main.storyboard;
			sourceTree = "<group>";
		};
		AB8C44E41AEA88E900E88F8F /* LaunchScreen.xib */ = {
			isa = PBXVariantGroup;
			children = (
				AB8C44E51AEA88E900E88F8F /* Base */,
			);
			name = LaunchScreen.xib;
			sourceTree = "<group>";
		};
/* End PBXVariantGroup section */

/* Begin XCBuildConfiguration section */
		AB8C44F31AEA88E900E88F8F /* Debug */ = {
			isa = XCBuildConfiguration;
			buildSettings = {
				ALWAYS_SEARCH_USER_PATHS = NO;
				CLANG_CXX_LANGUAGE_STANDARD = "gnu++0x";
				CLANG_CXX_LIBRARY = "libc++";
				CLANG_ENABLE_MODULES = YES;
				CLANG_ENABLE_OBJC_ARC = YES;
				CLANG_WARN_BOOL_CONVERSION = YES;
				CLANG_WARN_CONSTANT_CONVERSION = YES;
				CLANG_WARN_DIRECT_OBJC_ISA_USAGE = YES_ERROR;
				CLANG_WARN_EMPTY_BODY = YES;
				CLANG_WARN_ENUM_CONVERSION = YES;
				CLANG_WARN_INT_CONVERSION = YES;
				CLANG_WARN_OBJC_ROOT_CLASS = YES_ERROR;
				CLANG_WARN_UNREACHABLE_CODE = YES;
				CLANG_WARN__DUPLICATE_METHOD_MATCH = YES;
				"CODE_SIGN_IDENTITY[sdk=iphoneos*]" = "iPhone Developer";
				COPY_PHASE_STRIP = NO;
				DEBUG_INFORMATION_FORMAT = "dwarf-with-dsym";
				ENABLE_STRICT_OBJC_MSGSEND = YES;
				GCC_C_LANGUAGE_STANDARD = gnu99;
				GCC_DYNAMIC_NO_PIC = NO;
				GCC_NO_COMMON_BLOCKS = YES;
				GCC_OPTIMIZATION_LEVEL = 0;
				GCC_PREPROCESSOR_DEFINITIONS = (
					"DEBUG=1",
					"$(inherited)",
				);
				GCC_SYMBOLS_PRIVATE_EXTERN = NO;
				GCC_WARN_64_TO_32_BIT_CONVERSION = YES;
				GCC_WARN_ABOUT_RETURN_TYPE = YES_ERROR;
				GCC_WARN_UNDECLARED_SELECTOR = YES;
				GCC_WARN_UNINITIALIZED_AUTOS = YES_AGGRESSIVE;
				GCC_WARN_UNUSED_FUNCTION = YES;
				GCC_WARN_UNUSED_VARIABLE = YES;
				IPHONEOS_DEPLOYMENT_TARGET = 8.3;
				MTL_ENABLE_DEBUG_INFO = YES;
				ONLY_ACTIVE_ARCH = YES;
				SDKROOT = iphoneos;
				TARGETED_DEVICE_FAMILY = "1,2";
			};
			name = Debug;
		};
		AB8C44F41AEA88E900E88F8F /* Release */ = {
			isa = XCBuildConfiguration;
			buildSettings = {
				ALWAYS_SEARCH_USER_PATHS = NO;
				CLANG_CXX_LANGUAGE_STANDARD = "gnu++0x";
				CLANG_CXX_LIBRARY = "libc++";
				CLANG_ENABLE_MODULES = YES;
				CLANG_ENABLE_OBJC_ARC = YES;
				CLANG_WARN_BOOL_CONVERSION = YES;
				CLANG_WARN_CONSTANT_CONVERSION = YES;
				CLANG_WARN_DIRECT_OBJC_ISA_USAGE = YES_ERROR;
				CLANG_WARN_EMPTY_BODY = YES;
				CLANG_WARN_ENUM_CONVERSION = YES;
				CLANG_WARN_INT_CONVERSION = YES;
				CLANG_WARN_OBJC_ROOT_CLASS = YES_ERROR;
				CLANG_WARN_UNREACHABLE_CODE = YES;
				CLANG_WARN__DUPLICATE_METHOD_MATCH = YES;
				"CODE_SIGN_IDENTITY[sdk=iphoneos*]" = "iPhone Developer";
				COPY_PHASE_STRIP = NO;
				DEBUG_INFORMATION_FORMAT = "dwarf-with-dsym";
				ENABLE_NS_ASSERTIONS = NO;
				ENABLE_STRICT_OBJC_MSGSEND = YES;
				GCC_C_LANGUAGE_STANDARD = gnu99;
				GCC_NO_COMMON_BLOCKS = YES;
				GCC_WARN_64_TO_32_BIT_CONVERSION = YES;
				GCC_WARN_ABOUT_RETURN_TYPE = YES_ERROR;
				GCC_WARN_UNDECLARED_SELECTOR = YES;
				GCC_WARN_UNINITIALIZED_AUTOS = YES_AGGRESSIVE;
				GCC_WARN_UNUSED_FUNCTION = YES;
				GCC_WARN_UNUSED_VARIABLE = YES;
				IPHONEOS_DEPLOYMENT_TARGET = 8.3;
				MTL_ENABLE_DEBUG_INFO = NO;
				SDKROOT = iphoneos;
				TARGETED_DEVICE_FAMILY = "1,2";
				VALIDATE_PRODUCT = YES;
			};
			name = Release;
		};
		AB8C44F61AEA88E900E88F8F /* Debug */ = {
			isa = XCBuildConfiguration;
			buildSettings = {
				ASSETCATALOG_COMPILER_APPICON_NAME = AppIcon;
				INFOPLIST_FILE = ToDoList/Info.plist;
				LD_RUNPATH_SEARCH_PATHS = "$(inherited) @executable_path/Frameworks";
				PRODUCT_NAME = "$(TARGET_NAME)";
			};
			name = Debug;
		};
		AB8C44F71AEA88E900E88F8F /* Release */ = {
			isa = XCBuildConfiguration;
			buildSettings = {
				ASSETCATALOG_COMPILER_APPICON_NAME = AppIcon;
				INFOPLIST_FILE = ToDoList/Info.plist;
				LD_RUNPATH_SEARCH_PATHS = "$(inherited) @executable_path/Frameworks";
				PRODUCT_NAME = "$(TARGET_NAME)";
			};
			name = Release;
		};
		AB8C44F91AEA88E900E88F8F /* Debug */ = {
			isa = XCBuildConfiguration;
			buildSettings = {
				BUNDLE_LOADER = "$(TEST_HOST)";
				FRAMEWORK_SEARCH_PATHS = (
					"$(SDKROOT)/Developer/Library/Frameworks",
					"$(inherited)",
				);
				GCC_PREPROCESSOR_DEFINITIONS = (
					"DEBUG=1",
					"$(inherited)",
				);
				INFOPLIST_FILE = ToDoListTests/Info.plist;
				LD_RUNPATH_SEARCH_PATHS = "$(inherited) @executable_path/Frameworks @loader_path/Frameworks";
				PRODUCT_NAME = "$(TARGET_NAME)";
				TEST_HOST = "$(BUILT_PRODUCTS_DIR)/ToDoList.app/ToDoList";
			};
			name = Debug;
		};
		AB8C44FA1AEA88E900E88F8F /* Release */ = {
			isa = XCBuildConfiguration;
			buildSettings = {
				BUNDLE_LOADER = "$(TEST_HOST)";
				FRAMEWORK_SEARCH_PATHS = (
					"$(SDKROOT)/Developer/Library/Frameworks",
					"$(inherited)",
				);
				INFOPLIST_FILE = ToDoListTests/Info.plist;
				LD_RUNPATH_SEARCH_PATHS = "$(inherited) @executable_path/Frameworks @loader_path/Frameworks";
				PRODUCT_NAME = "$(TARGET_NAME)";
				TEST_HOST = "$(BUILT_PRODUCTS_DIR)/ToDoList.app/ToDoList";
			};
			name = Release;
		};
/* End XCBuildConfiguration section */

/* Begin XCConfigurationList section */
		AB8C44CD1AEA88E900E88F8F /* Build configuration list for PBXProject "ToDoList" */ = {
			isa = XCConfigurationList;
			buildConfigurations = (
				AB8C44F31AEA88E900E88F8F /* Debug */,
				AB8C44F41AEA88E900E88F8F /* Release */,
			);
			defaultConfigurationIsVisible = 0;
			defaultConfigurationName = Release;
		};
		AB8C44F51AEA88E900E88F8F /* Build configuration list for PBXNativeTarget "ToDoList" */ = {
			isa = XCConfigurationList;
			buildConfigurations = (
				AB8C44F61AEA88E900E88F8F /* Debug */,
				AB8C44F71AEA88E900E88F8F /* Release */,
			);
			defaultConfigurationIsVisible = 0;
			defaultConfigurationName = Release;
		};
		AB8C44F81AEA88E900E88F8F /* Build configuration list for PBXNativeTarget "ToDoListTests" */ = {
			isa = XCConfigurationList;
			buildConfigurations = (
				AB8C44F91AEA88E900E88F8F /* Debug */,
				AB8C44FA1AEA88E900E88F8F /* Release */,
			);
			defaultConfigurationIsVisible = 0;
			defaultConfigurationName = Release;
		};
/* End XCConfigurationList section */
	};
	rootObject = AB8C44CA1AEA88E900E88F8F /* Project object */;
}
